
Microsoft Visual Studio Solution File, Format Version 12.00
# Visual Studio Version 17
VisualStudioVersion = 17.3.32901.215
MinimumVisualStudioVersion = 10.0.40219.1
Project("{9A19103F-16F7-4668-BE54-9A1E7A4F7556}") = "FacilityDbManager", "FacilityDbManager.csproj", "{FE19A102-FADD-487F-B3A1-30F76C6A64B5}"
EndProject
Global
	GlobalSection(SolutionConfigurationPlatforms) = preSolution
		Debug|Any CPU = Debug|Any CPU
		Release|Any CPU = Release|Any CPU
	EndGlobalSection
	GlobalSection(ProjectConfigurationPlatforms) = postSolution
		{FE19A102-FADD-487F-B3A1-30F76C6A64B5}.Debug|Any CPU.ActiveCfg = Debug|Any CPU
		{FE19A102-FADD-487F-B3A1-30F76C6A64B5}.Debug|Any CPU.Build.0 = Debug|Any CPU
		{FE19A102-FADD-487F-B3A1-30F76C6A64B5}.Release|Any CPU.ActiveCfg = Release|Any CPU
		{FE19A102-FADD-487F-B3A1-30F76C6A64B5}.Release|Any CPU.Build.0 = Release|Any CPU
	EndGlobalSection
	GlobalSection(SolutionProperties) = preSolution
		HideSolutionNode = FALSE
	EndGlobalSection
	GlobalSection(ExtensibilityGlobals) = postSolution
		SolutionGuid = {DA57A33C-1FD8-4DC6-97DF-BB73ED801091}
	EndGlobalSection
EndGlobal
